// !$*UTF8*$!
{
	archiveVersion = 1;
	classes = {
	};
	objectVersion = 50;
	objects = {

/* Begin PBXBuildFile section */
		9E91B5BA2288789500F07088 /* AppDelegate.swift in Sources */ = {isa = PBXBuildFile; fileRef = 9E91B5B92288789500F07088 /* AppDelegate.swift */; };
		9E91B5BC2288789500F07088 /* ViewController.swift in Sources */ = {isa = PBXBuildFile; fileRef = 9E91B5BB2288789500F07088 /* ViewController.swift */; };
		9E91B5BF2288789500F07088 /* Main.storyboard in Resources */ = {isa = PBXBuildFile; fileRef = 9E91B5BD2288789500F07088 /* Main.storyboard */; };
		9E91B5C12288789700F07088 /* Assets.xcassets in Resources */ = {isa = PBXBuildFile; fileRef = 9E91B5C02288789700F07088 /* Assets.xcassets */; };
		9E91B5C42288789700F07088 /* LaunchScreen.storyboard in Resources */ = {isa = PBXBuildFile; fileRef = 9E91B5C22288789700F07088 /* LaunchScreen.storyboard */; };
		9E91B5CF2288789700F07088 /* Cine_SKYTests.swift in Sources */ = {isa = PBXBuildFile; fileRef = 9E91B5CE2288789700F07088 /* Cine_SKYTests.swift */; };
		9E91B5EB22887A2A00F07088 /* GlobalAlert.swift in Sources */ = {isa = PBXBuildFile; fileRef = 9E91B5DA22887A2900F07088 /* GlobalAlert.swift */; };
		9E91B5EC22887A2A00F07088 /* Utils.swift in Sources */ = {isa = PBXBuildFile; fileRef = 9E91B5DB22887A2900F07088 /* Utils.swift */; };
		9E91B5ED22887A2A00F07088 /* AsyncOperation.swift in Sources */ = {isa = PBXBuildFile; fileRef = 9E91B5DC22887A2900F07088 /* AsyncOperation.swift */; };
		9E91B5EE22887A2A00F07088 /* Date.swift in Sources */ = {isa = PBXBuildFile; fileRef = 9E91B5DE22887A2900F07088 /* Date.swift */; };
		9E91B5EF22887A2A00F07088 /* UIView.swift in Sources */ = {isa = PBXBuildFile; fileRef = 9E91B5DF22887A2900F07088 /* UIView.swift */; };
		9E91B5F022887A2A00F07088 /* UIColor.swift in Sources */ = {isa = PBXBuildFile; fileRef = 9E91B5E022887A2900F07088 /* UIColor.swift */; };
		9E91B5F122887A2A00F07088 /* Storyboarded.swift in Sources */ = {isa = PBXBuildFile; fileRef = 9E91B5E122887A2900F07088 /* Storyboarded.swift */; };
		9E91B5F222887A2A00F07088 /* Request.swift in Sources */ = {isa = PBXBuildFile; fileRef = 9E91B5E222887A2900F07088 /* Request.swift */; };
		9E91B5F322887A2A00F07088 /* Dictionary.swift in Sources */ = {isa = PBXBuildFile; fileRef = 9E91B5E322887A2900F07088 /* Dictionary.swift */; };
		9E91B5F422887A2A00F07088 /* UIViewController.swift in Sources */ = {isa = PBXBuildFile; fileRef = 9E91B5E422887A2900F07088 /* UIViewController.swift */; };
		9E91B5F522887A2A00F07088 /* UIApplication.swift in Sources */ = {isa = PBXBuildFile; fileRef = 9E91B5E522887A2900F07088 /* UIApplication.swift */; };
		9E91B5F622887A2A00F07088 /* UINavigationController.swift in Sources */ = {isa = PBXBuildFile; fileRef = 9E91B5E622887A2900F07088 /* UINavigationController.swift */; };
		9E91B5F722887A2A00F07088 /* Methods.swift in Sources */ = {isa = PBXBuildFile; fileRef = 9E91B5E822887A2900F07088 /* Methods.swift */; };
		9E91B5F822887A2A00F07088 /* Api.swift in Sources */ = {isa = PBXBuildFile; fileRef = 9E91B5E922887A2900F07088 /* Api.swift */; };
		9E91B5F922887A2A00F07088 /* URLs.swift in Sources */ = {isa = PBXBuildFile; fileRef = 9E91B5EA22887A2900F07088 /* URLs.swift */; };
		9E91B5FF22889CB500F07088 /* ListMoviesViewController.swift in Sources */ = {isa = PBXBuildFile; fileRef = 9E91B5FE22889CB500F07088 /* ListMoviesViewController.swift */; };
		9E91B60122889CF500F07088 /* MovieCollectionViewCell.swift in Sources */ = {isa = PBXBuildFile; fileRef = 9E91B60022889CF500F07088 /* MovieCollectionViewCell.swift */; };
		9E91B6032288A06400F07088 /* Movies.swift in Sources */ = {isa = PBXBuildFile; fileRef = 9E91B6022288A06400F07088 /* Movies.swift */; };
		9E91B6052288A0B600F07088 /* MoviesViewModel.swift in Sources */ = {isa = PBXBuildFile; fileRef = 9E91B6042288A0B600F07088 /* MoviesViewModel.swift */; };
		B1A1181E00BFE367B8E6B486 /* Pods_Cine_SKYTests.framework in Frameworks */ = {isa = PBXBuildFile; fileRef = 08BBEE97B7375AAB96C1F003 /* Pods_Cine_SKYTests.framework */; };
		CFFCA4DBD2D648CBC76EACCC /* Pods_Cine_SKY.framework in Frameworks */ = {isa = PBXBuildFile; fileRef = E924B901ED606A0A35C0B48F /* Pods_Cine_SKY.framework */; };
/* End PBXBuildFile section */

/* Begin PBXContainerItemProxy section */
		9E91B5CB2288789700F07088 /* PBXContainerItemProxy */ = {
			isa = PBXContainerItemProxy;
			containerPortal = 9E91B5AE2288789500F07088 /* Project object */;
			proxyType = 1;
			remoteGlobalIDString = 9E91B5B52288789500F07088;
			remoteInfo = "Cine SKY";
		};
/* End PBXContainerItemProxy section */

/* Begin PBXFileReference section */
		0690DA98E552024074F0DB2F /* Pods-Cine SKYTests.release.xcconfig */ = {isa = PBXFileReference; includeInIndex = 1; lastKnownFileType = text.xcconfig; name = "Pods-Cine SKYTests.release.xcconfig"; path = "Target Support Files/Pods-Cine SKYTests/Pods-Cine SKYTests.release.xcconfig"; sourceTree = "<group>"; };
		08BBEE97B7375AAB96C1F003 /* Pods_Cine_SKYTests.framework */ = {isa = PBXFileReference; explicitFileType = wrapper.framework; includeInIndex = 0; path = Pods_Cine_SKYTests.framework; sourceTree = BUILT_PRODUCTS_DIR; };
		1CE145EDFA0B42083E108D78 /* Pods-Cine SKY.release.xcconfig */ = {isa = PBXFileReference; includeInIndex = 1; lastKnownFileType = text.xcconfig; name = "Pods-Cine SKY.release.xcconfig"; path = "Target Support Files/Pods-Cine SKY/Pods-Cine SKY.release.xcconfig"; sourceTree = "<group>"; };
		66C4A2AD8A25051157E0253A /* Pods-Cine SKY.debug.xcconfig */ = {isa = PBXFileReference; includeInIndex = 1; lastKnownFileType = text.xcconfig; name = "Pods-Cine SKY.debug.xcconfig"; path = "Target Support Files/Pods-Cine SKY/Pods-Cine SKY.debug.xcconfig"; sourceTree = "<group>"; };
		9E91B5B62288789500F07088 /* Cine SKY.app */ = {isa = PBXFileReference; explicitFileType = wrapper.application; includeInIndex = 0; path = "Cine SKY.app"; sourceTree = BUILT_PRODUCTS_DIR; };
		9E91B5B92288789500F07088 /* AppDelegate.swift */ = {isa = PBXFileReference; lastKnownFileType = sourcecode.swift; path = AppDelegate.swift; sourceTree = "<group>"; };
		9E91B5BB2288789500F07088 /* ViewController.swift */ = {isa = PBXFileReference; lastKnownFileType = sourcecode.swift; path = ViewController.swift; sourceTree = "<group>"; };
		9E91B5BE2288789500F07088 /* Base */ = {isa = PBXFileReference; lastKnownFileType = file.storyboard; name = Base; path = Base.lproj/Main.storyboard; sourceTree = "<group>"; };
		9E91B5C02288789700F07088 /* Assets.xcassets */ = {isa = PBXFileReference; lastKnownFileType = folder.assetcatalog; path = Assets.xcassets; sourceTree = "<group>"; };
		9E91B5C32288789700F07088 /* Base */ = {isa = PBXFileReference; lastKnownFileType = file.storyboard; name = Base; path = Base.lproj/LaunchScreen.storyboard; sourceTree = "<group>"; };
		9E91B5C52288789700F07088 /* Info.plist */ = {isa = PBXFileReference; lastKnownFileType = text.plist.xml; path = Info.plist; sourceTree = "<group>"; };
		9E91B5CA2288789700F07088 /* Cine SKYTests.xctest */ = {isa = PBXFileReference; explicitFileType = wrapper.cfbundle; includeInIndex = 0; path = "Cine SKYTests.xctest"; sourceTree = BUILT_PRODUCTS_DIR; };
		9E91B5CE2288789700F07088 /* Cine_SKYTests.swift */ = {isa = PBXFileReference; lastKnownFileType = sourcecode.swift; path = Cine_SKYTests.swift; sourceTree = "<group>"; };
		9E91B5D02288789700F07088 /* Info.plist */ = {isa = PBXFileReference; lastKnownFileType = text.plist.xml; path = Info.plist; sourceTree = "<group>"; };
		9E91B5DA22887A2900F07088 /* GlobalAlert.swift */ = {isa = PBXFileReference; fileEncoding = 4; lastKnownFileType = sourcecode.swift; path = GlobalAlert.swift; sourceTree = "<group>"; };
		9E91B5DB22887A2900F07088 /* Utils.swift */ = {isa = PBXFileReference; fileEncoding = 4; lastKnownFileType = sourcecode.swift; path = Utils.swift; sourceTree = "<group>"; };
		9E91B5DC22887A2900F07088 /* AsyncOperation.swift */ = {isa = PBXFileReference; fileEncoding = 4; lastKnownFileType = sourcecode.swift; path = AsyncOperation.swift; sourceTree = "<group>"; };
		9E91B5DE22887A2900F07088 /* Date.swift */ = {isa = PBXFileReference; fileEncoding = 4; lastKnownFileType = sourcecode.swift; path = Date.swift; sourceTree = "<group>"; };
		9E91B5DF22887A2900F07088 /* UIView.swift */ = {isa = PBXFileReference; fileEncoding = 4; lastKnownFileType = sourcecode.swift; path = UIView.swift; sourceTree = "<group>"; };
		9E91B5E022887A2900F07088 /* UIColor.swift */ = {isa = PBXFileReference; fileEncoding = 4; lastKnownFileType = sourcecode.swift; path = UIColor.swift; sourceTree = "<group>"; };
		9E91B5E122887A2900F07088 /* Storyboarded.swift */ = {isa = PBXFileReference; fileEncoding = 4; lastKnownFileType = sourcecode.swift; path = Storyboarded.swift; sourceTree = "<group>"; };
		9E91B5E222887A2900F07088 /* Request.swift */ = {isa = PBXFileReference; fileEncoding = 4; lastKnownFileType = sourcecode.swift; path = Request.swift; sourceTree = "<group>"; };
		9E91B5E322887A2900F07088 /* Dictionary.swift */ = {isa = PBXFileReference; fileEncoding = 4; lastKnownFileType = sourcecode.swift; path = Dictionary.swift; sourceTree = "<group>"; };
		9E91B5E422887A2900F07088 /* UIViewController.swift */ = {isa = PBXFileReference; fileEncoding = 4; lastKnownFileType = sourcecode.swift; path = UIViewController.swift; sourceTree = "<group>"; };
		9E91B5E522887A2900F07088 /* UIApplication.swift */ = {isa = PBXFileReference; fileEncoding = 4; lastKnownFileType = sourcecode.swift; path = UIApplication.swift; sourceTree = "<group>"; };
		9E91B5E622887A2900F07088 /* UINavigationController.swift */ = {isa = PBXFileReference; fileEncoding = 4; lastKnownFileType = sourcecode.swift; path = UINavigationController.swift; sourceTree = "<group>"; };
		9E91B5E822887A2900F07088 /* Methods.swift */ = {isa = PBXFileReference; fileEncoding = 4; lastKnownFileType = sourcecode.swift; path = Methods.swift; sourceTree = "<group>"; };
		9E91B5E922887A2900F07088 /* Api.swift */ = {isa = PBXFileReference; fileEncoding = 4; lastKnownFileType = sourcecode.swift; path = Api.swift; sourceTree = "<group>"; };
		9E91B5EA22887A2900F07088 /* URLs.swift */ = {isa = PBXFileReference; fileEncoding = 4; lastKnownFileType = sourcecode.swift; path = URLs.swift; sourceTree = "<group>"; };
		9E91B5FE22889CB500F07088 /* ListMoviesViewController.swift */ = {isa = PBXFileReference; lastKnownFileType = sourcecode.swift; path = ListMoviesViewController.swift; sourceTree = "<group>"; };
		9E91B60022889CF500F07088 /* MovieCollectionViewCell.swift */ = {isa = PBXFileReference; lastKnownFileType = sourcecode.swift; path = MovieCollectionViewCell.swift; sourceTree = "<group>"; };
		9E91B6022288A06400F07088 /* Movies.swift */ = {isa = PBXFileReference; lastKnownFileType = sourcecode.swift; path = Movies.swift; sourceTree = "<group>"; };
		9E91B6042288A0B600F07088 /* MoviesViewModel.swift */ = {isa = PBXFileReference; lastKnownFileType = sourcecode.swift; path = MoviesViewModel.swift; sourceTree = "<group>"; };
		E924B901ED606A0A35C0B48F /* Pods_Cine_SKY.framework */ = {isa = PBXFileReference; explicitFileType = wrapper.framework; includeInIndex = 0; path = Pods_Cine_SKY.framework; sourceTree = BUILT_PRODUCTS_DIR; };
		ED59061453CD67DB1FC87453 /* Pods-Cine SKYTests.debug.xcconfig */ = {isa = PBXFileReference; includeInIndex = 1; lastKnownFileType = text.xcconfig; name = "Pods-Cine SKYTests.debug.xcconfig"; path = "Target Support Files/Pods-Cine SKYTests/Pods-Cine SKYTests.debug.xcconfig"; sourceTree = "<group>"; };
/* End PBXFileReference section */

/* Begin PBXFrameworksBuildPhase section */
		9E91B5B32288789500F07088 /* Frameworks */ = {
			isa = PBXFrameworksBuildPhase;
			buildActionMask = 2147483647;
			files = (
				CFFCA4DBD2D648CBC76EACCC /* Pods_Cine_SKY.framework in Frameworks */,
			);
			runOnlyForDeploymentPostprocessing = 0;
		};
		9E91B5C72288789700F07088 /* Frameworks */ = {
			isa = PBXFrameworksBuildPhase;
			buildActionMask = 2147483647;
			files = (
				B1A1181E00BFE367B8E6B486 /* Pods_Cine_SKYTests.framework in Frameworks */,
			);
			runOnlyForDeploymentPostprocessing = 0;
		};
/* End PBXFrameworksBuildPhase section */

/* Begin PBXGroup section */
		0BCFA64EE2FC529E3E2D1996 /* Frameworks */ = {
			isa = PBXGroup;
			children = (
				E924B901ED606A0A35C0B48F /* Pods_Cine_SKY.framework */,
				08BBEE97B7375AAB96C1F003 /* Pods_Cine_SKYTests.framework */,
			);
			name = Frameworks;
			sourceTree = "<group>";
		};
		9E91B5AD2288789500F07088 = {
			isa = PBXGroup;
			children = (
				9E91B5B82288789500F07088 /* Cine SKY */,
				9E91B5CD2288789700F07088 /* Cine SKYTests */,
				9E91B5B72288789500F07088 /* Products */,
				B941C7E5DE2DF229B799D4DE /* Pods */,
				0BCFA64EE2FC529E3E2D1996 /* Frameworks */,
			);
			sourceTree = "<group>";
		};
		9E91B5B72288789500F07088 /* Products */ = {
			isa = PBXGroup;
			children = (
				9E91B5B62288789500F07088 /* Cine SKY.app */,
				9E91B5CA2288789700F07088 /* Cine SKYTests.xctest */,
			);
			name = Products;
			sourceTree = "<group>";
		};
		9E91B5B82288789500F07088 /* Cine SKY */ = {
			isa = PBXGroup;
			children = (
				9E91B5FA22889C8300F07088 /* Movies */,
				9E91B5B92288789500F07088 /* AppDelegate.swift */,
				9E91B5BB2288789500F07088 /* ViewController.swift */,
				9E91B5C02288789700F07088 /* Assets.xcassets */,
				9E91B5C22288789700F07088 /* LaunchScreen.storyboard */,
				9E91B5C52288789700F07088 /* Info.plist */,
				9E91B5DD22887A2900F07088 /* Extensions */,
				9E91B5E722887A2900F07088 /* Network */,
				9E91B5D922887A2900F07088 /* Utils */,
			);
			path = "Cine SKY";
			sourceTree = "<group>";
		};
		9E91B5CD2288789700F07088 /* Cine SKYTests */ = {
			isa = PBXGroup;
			children = (
				9E91B5CE2288789700F07088 /* Cine_SKYTests.swift */,
				9E91B5D02288789700F07088 /* Info.plist */,
			);
			path = "Cine SKYTests";
			sourceTree = "<group>";
		};
		9E91B5D922887A2900F07088 /* Utils */ = {
			isa = PBXGroup;
			children = (
				9E91B5DA22887A2900F07088 /* GlobalAlert.swift */,
				9E91B5DB22887A2900F07088 /* Utils.swift */,
				9E91B5DC22887A2900F07088 /* AsyncOperation.swift */,
			);
			path = Utils;
			sourceTree = "<group>";
		};
		9E91B5DD22887A2900F07088 /* Extensions */ = {
			isa = PBXGroup;
			children = (
				9E91B5DE22887A2900F07088 /* Date.swift */,
				9E91B5DF22887A2900F07088 /* UIView.swift */,
				9E91B5E022887A2900F07088 /* UIColor.swift */,
				9E91B5E122887A2900F07088 /* Storyboarded.swift */,
				9E91B5E222887A2900F07088 /* Request.swift */,
				9E91B5E322887A2900F07088 /* Dictionary.swift */,
				9E91B5E422887A2900F07088 /* UIViewController.swift */,
				9E91B5E522887A2900F07088 /* UIApplication.swift */,
				9E91B5E622887A2900F07088 /* UINavigationController.swift */,
			);
			path = Extensions;
			sourceTree = "<group>";
		};
		9E91B5E722887A2900F07088 /* Network */ = {
			isa = PBXGroup;
			children = (
				9E91B5E822887A2900F07088 /* Methods.swift */,
				9E91B5E922887A2900F07088 /* Api.swift */,
				9E91B5EA22887A2900F07088 /* URLs.swift */,
			);
			path = Network;
			sourceTree = "<group>";
		};
		9E91B5FA22889C8300F07088 /* Movies */ = {
			isa = PBXGroup;
			children = (
				9E91B5FD22889C9B00F07088 /* Model */,
				9E91B5FC22889C9600F07088 /* ViewModel */,
				9E91B5FB22889C9000F07088 /* View */,
				9E91B5BD2288789500F07088 /* Main.storyboard */,
			);
			path = Movies;
			sourceTree = "<group>";
		};
		9E91B5FB22889C9000F07088 /* View */ = {
			isa = PBXGroup;
			children = (
				9E91B5FE22889CB500F07088 /* ListMoviesViewController.swift */,
				9E91B60022889CF500F07088 /* MovieCollectionViewCell.swift */,
			);
			path = View;
			sourceTree = "<group>";
		};
		9E91B5FC22889C9600F07088 /* ViewModel */ = {
			isa = PBXGroup;
			children = (
				9E91B6042288A0B600F07088 /* MoviesViewModel.swift */,
			);
			path = ViewModel;
			sourceTree = "<group>";
		};
		9E91B5FD22889C9B00F07088 /* Model */ = {
			isa = PBXGroup;
			children = (
				9E91B6022288A06400F07088 /* Movies.swift */,
			);
			path = Model;
			sourceTree = "<group>";
		};
		B941C7E5DE2DF229B799D4DE /* Pods */ = {
			isa = PBXGroup;
			children = (
				66C4A2AD8A25051157E0253A /* Pods-Cine SKY.debug.xcconfig */,
				1CE145EDFA0B42083E108D78 /* Pods-Cine SKY.release.xcconfig */,
				ED59061453CD67DB1FC87453 /* Pods-Cine SKYTests.debug.xcconfig */,
				0690DA98E552024074F0DB2F /* Pods-Cine SKYTests.release.xcconfig */,
			);
			path = Pods;
			sourceTree = "<group>";
		};
/* End PBXGroup section */

/* Begin PBXNativeTarget section */
		9E91B5B52288789500F07088 /* Cine SKY */ = {
			isa = PBXNativeTarget;
			buildConfigurationList = 9E91B5D32288789700F07088 /* Build configuration list for PBXNativeTarget "Cine SKY" */;
			buildPhases = (
				A05D56F8944220547303E192 /* [CP] Check Pods Manifest.lock */,
				9E91B5B22288789500F07088 /* Sources */,
				9E91B5B32288789500F07088 /* Frameworks */,
				9E91B5B42288789500F07088 /* Resources */,
				B3EA1CA3F8B16704A3ACADE0 /* [CP] Embed Pods Frameworks */,
			);
			buildRules = (
			);
			dependencies = (
			);
			name = "Cine SKY";
			productName = "Cine SKY";
			productReference = 9E91B5B62288789500F07088 /* Cine SKY.app */;
			productType = "com.apple.product-type.application";
		};
		9E91B5C92288789700F07088 /* Cine SKYTests */ = {
			isa = PBXNativeTarget;
			buildConfigurationList = 9E91B5D62288789700F07088 /* Build configuration list for PBXNativeTarget "Cine SKYTests" */;
			buildPhases = (
				8A6F221E8DC8CF8FBA7964A0 /* [CP] Check Pods Manifest.lock */,
				9E91B5C62288789700F07088 /* Sources */,
				9E91B5C72288789700F07088 /* Frameworks */,
				9E91B5C82288789700F07088 /* Resources */,
			);
			buildRules = (
			);
			dependencies = (
				9E91B5CC2288789700F07088 /* PBXTargetDependency */,
			);
			name = "Cine SKYTests";
			productName = "Cine SKYTests";
			productReference = 9E91B5CA2288789700F07088 /* Cine SKYTests.xctest */;
			productType = "com.apple.product-type.bundle.unit-test";
		};
/* End PBXNativeTarget section */

/* Begin PBXProject section */
		9E91B5AE2288789500F07088 /* Project object */ = {
			isa = PBXProject;
			attributes = {
				LastSwiftUpdateCheck = 1020;
				LastUpgradeCheck = 1020;
				ORGANIZATIONNAME = "Bruno Lopes de Mello";
				TargetAttributes = {
					9E91B5B52288789500F07088 = {
						CreatedOnToolsVersion = 10.2.1;
					};
					9E91B5C92288789700F07088 = {
						CreatedOnToolsVersion = 10.2.1;
						TestTargetID = 9E91B5B52288789500F07088;
					};
				};
			};
			buildConfigurationList = 9E91B5B12288789500F07088 /* Build configuration list for PBXProject "Cine SKY" */;
			compatibilityVersion = "Xcode 9.3";
			developmentRegion = en;
			hasScannedForEncodings = 0;
			knownRegions = (
				en,
				Base,
			);
			mainGroup = 9E91B5AD2288789500F07088;
			productRefGroup = 9E91B5B72288789500F07088 /* Products */;
			projectDirPath = "";
			projectRoot = "";
			targets = (
				9E91B5B52288789500F07088 /* Cine SKY */,
				9E91B5C92288789700F07088 /* Cine SKYTests */,
			);
		};
/* End PBXProject section */

/* Begin PBXResourcesBuildPhase section */
		9E91B5B42288789500F07088 /* Resources */ = {
			isa = PBXResourcesBuildPhase;
			buildActionMask = 2147483647;
			files = (
				9E91B5C42288789700F07088 /* LaunchScreen.storyboard in Resources */,
				9E91B5C12288789700F07088 /* Assets.xcassets in Resources */,
				9E91B5BF2288789500F07088 /* Main.storyboard in Resources */,
			);
			runOnlyForDeploymentPostprocessing = 0;
		};
		9E91B5C82288789700F07088 /* Resources */ = {
			isa = PBXResourcesBuildPhase;
			buildActionMask = 2147483647;
			files = (
			);
			runOnlyForDeploymentPostprocessing = 0;
		};
/* End PBXResourcesBuildPhase section */

/* Begin PBXShellScriptBuildPhase section */
		8A6F221E8DC8CF8FBA7964A0 /* [CP] Check Pods Manifest.lock */ = {
			isa = PBXShellScriptBuildPhase;
			buildActionMask = 2147483647;
			files = (
			);
			inputFileListPaths = (
			);
			inputPaths = (
				"${PODS_PODFILE_DIR_PATH}/Podfile.lock",
				"${PODS_ROOT}/Manifest.lock",
			);
			name = "[CP] Check Pods Manifest.lock";
			outputFileListPaths = (
			);
			outputPaths = (
				"$(DERIVED_FILE_DIR)/Pods-Cine SKYTests-checkManifestLockResult.txt",
			);
			runOnlyForDeploymentPostprocessing = 0;
			shellPath = /bin/sh;
			shellScript = "diff \"${PODS_PODFILE_DIR_PATH}/Podfile.lock\" \"${PODS_ROOT}/Manifest.lock\" > /dev/null\nif [ $? != 0 ] ; then\n    # print error to STDERR\n    echo \"error: The sandbox is not in sync with the Podfile.lock. Run 'pod install' or update your CocoaPods installation.\" >&2\n    exit 1\nfi\n# This output is used by Xcode 'outputs' to avoid re-running this script phase.\necho \"SUCCESS\" > \"${SCRIPT_OUTPUT_FILE_0}\"\n";
			showEnvVarsInLog = 0;
		};
		A05D56F8944220547303E192 /* [CP] Check Pods Manifest.lock */ = {
			isa = PBXShellScriptBuildPhase;
			buildActionMask = 2147483647;
			files = (
			);
			inputFileListPaths = (
			);
			inputPaths = (
				"${PODS_PODFILE_DIR_PATH}/Podfile.lock",
				"${PODS_ROOT}/Manifest.lock",
			);
			name = "[CP] Check Pods Manifest.lock";
			outputFileListPaths = (
			);
			outputPaths = (
				"$(DERIVED_FILE_DIR)/Pods-Cine SKY-checkManifestLockResult.txt",
			);
			runOnlyForDeploymentPostprocessing = 0;
			shellPath = /bin/sh;
			shellScript = "diff \"${PODS_PODFILE_DIR_PATH}/Podfile.lock\" \"${PODS_ROOT}/Manifest.lock\" > /dev/null\nif [ $? != 0 ] ; then\n    # print error to STDERR\n    echo \"error: The sandbox is not in sync with the Podfile.lock. Run 'pod install' or update your CocoaPods installation.\" >&2\n    exit 1\nfi\n# This output is used by Xcode 'outputs' to avoid re-running this script phase.\necho \"SUCCESS\" > \"${SCRIPT_OUTPUT_FILE_0}\"\n";
			showEnvVarsInLog = 0;
		};
		B3EA1CA3F8B16704A3ACADE0 /* [CP] Embed Pods Frameworks */ = {
			isa = PBXShellScriptBuildPhase;
			buildActionMask = 2147483647;
			files = (
			);
			inputFileListPaths = (
			);
			inputPaths = (
				"${PODS_ROOT}/Target Support Files/Pods-Cine SKY/Pods-Cine SKY-frameworks.sh",
				"${BUILT_PRODUCTS_DIR}/Alamofire/Alamofire.framework",
				"${BUILT_PRODUCTS_DIR}/SDWebImage/SDWebImage.framework",
				"${BUILT_PRODUCTS_DIR}/SVProgressHUD/SVProgressHUD.framework",
				"${BUILT_PRODUCTS_DIR}/iCarousel/iCarousel.framework",
			);
			name = "[CP] Embed Pods Frameworks";
			outputFileListPaths = (
			);
			outputPaths = (
				"${TARGET_BUILD_DIR}/${FRAMEWORKS_FOLDER_PATH}/Alamofire.framework",
				"${TARGET_BUILD_DIR}/${FRAMEWORKS_FOLDER_PATH}/SDWebImage.framework",
				"${TARGET_BUILD_DIR}/${FRAMEWORKS_FOLDER_PATH}/SVProgressHUD.framework",
				"${TARGET_BUILD_DIR}/${FRAMEWORKS_FOLDER_PATH}/iCarousel.framework",
			);
			runOnlyForDeploymentPostprocessing = 0;
			shellPath = /bin/sh;
			shellScript = "\"${PODS_ROOT}/Target Support Files/Pods-Cine SKY/Pods-Cine SKY-frameworks.sh\"\n";
			showEnvVarsInLog = 0;
		};
/* End PBXShellScriptBuildPhase section */

/* Begin PBXSourcesBuildPhase section */
		9E91B5B22288789500F07088 /* Sources */ = {
			isa = PBXSourcesBuildPhase;
			buildActionMask = 2147483647;
			files = (
				9E91B5F522887A2A00F07088 /* UIApplication.swift in Sources */,
				9E91B5BC2288789500F07088 /* ViewController.swift in Sources */,
				9E91B5EE22887A2A00F07088 /* Date.swift in Sources */,
				9E91B5F922887A2A00F07088 /* URLs.swift in Sources */,
				9E91B6052288A0B600F07088 /* MoviesViewModel.swift in Sources */,
				9E91B5F422887A2A00F07088 /* UIViewController.swift in Sources */,
				9E91B5BA2288789500F07088 /* AppDelegate.swift in Sources */,
				9E91B5EF22887A2A00F07088 /* UIView.swift in Sources */,
				9E91B5F322887A2A00F07088 /* Dictionary.swift in Sources */,
				9E91B5EB22887A2A00F07088 /* GlobalAlert.swift in Sources */,
				9E91B5F122887A2A00F07088 /* Storyboarded.swift in Sources */,
				9E91B6032288A06400F07088 /* Movies.swift in Sources */,
				9E91B5F022887A2A00F07088 /* UIColor.swift in Sources */,
				9E91B5F222887A2A00F07088 /* Request.swift in Sources */,
				9E91B60122889CF500F07088 /* MovieCollectionViewCell.swift in Sources */,
				9E91B5ED22887A2A00F07088 /* AsyncOperation.swift in Sources */,
				9E91B5EC22887A2A00F07088 /* Utils.swift in Sources */,
				9E91B5F722887A2A00F07088 /* Methods.swift in Sources */,
				9E91B5FF22889CB500F07088 /* ListMoviesViewController.swift in Sources */,
				9E91B5F822887A2A00F07088 /* Api.swift in Sources */,
				9E91B5F622887A2A00F07088 /* UINavigationController.swift in Sources */,
			);
			runOnlyForDeploymentPostprocessing = 0;
		};
		9E91B5C62288789700F07088 /* Sources */ = {
			isa = PBXSourcesBuildPhase;
			buildActionMask = 2147483647;
			files = (
				9E91B5CF2288789700F07088 /* Cine_SKYTests.swift in Sources */,
			);
			runOnlyForDeploymentPostprocessing = 0;
		};
/* End PBXSourcesBuildPhase section */

/* Begin PBXTargetDependency section */
		9E91B5CC2288789700F07088 /* PBXTargetDependency */ = {
			isa = PBXTargetDependency;
			target = 9E91B5B52288789500F07088 /* Cine SKY */;
			targetProxy = 9E91B5CB2288789700F07088 /* PBXContainerItemProxy */;
		};
/* End PBXTargetDependency section */

/* Begin PBXVariantGroup section */
		9E91B5BD2288789500F07088 /* Main.storyboard */ = {
			isa = PBXVariantGroup;
			children = (
				9E91B5BE2288789500F07088 /* Base */,
			);
			name = Main.storyboard;
			sourceTree = "<group>";
		};
		9E91B5C22288789700F07088 /* LaunchScreen.storyboard */ = {
			isa = PBXVariantGroup;
			children = (
				9E91B5C32288789700F07088 /* Base */,
			);
			name = LaunchScreen.storyboard;
			sourceTree = "<group>";
		};
/* End PBXVariantGroup section */

/* Begin XCBuildConfiguration section */
		9E91B5D12288789700F07088 /* Debug */ = {
			isa = XCBuildConfiguration;
			buildSettings = {
				ALWAYS_SEARCH_USER_PATHS = NO;
				CLANG_ANALYZER_NONNULL = YES;
				CLANG_ANALYZER_NUMBER_OBJECT_CONVERSION = YES_AGGRESSIVE;
				CLANG_CXX_LANGUAGE_STANDARD = "gnu++14";
				CLANG_CXX_LIBRARY = "libc++";
				CLANG_ENABLE_MODULES = YES;
				CLANG_ENABLE_OBJC_ARC = YES;
				CLANG_ENABLE_OBJC_WEAK = YES;
				CLANG_WARN_BLOCK_CAPTURE_AUTORELEASING = YES;
				CLANG_WARN_BOOL_CONVERSION = YES;
				CLANG_WARN_COMMA = YES;
				CLANG_WARN_CONSTANT_CONVERSION = YES;
				CLANG_WARN_DEPRECATED_OBJC_IMPLEMENTATIONS = YES;
				CLANG_WARN_DIRECT_OBJC_ISA_USAGE = YES_ERROR;
				CLANG_WARN_DOCUMENTATION_COMMENTS = YES;
				CLANG_WARN_EMPTY_BODY = YES;
				CLANG_WARN_ENUM_CONVERSION = YES;
				CLANG_WARN_INFINITE_RECURSION = YES;
				CLANG_WARN_INT_CONVERSION = YES;
				CLANG_WARN_NON_LITERAL_NULL_CONVERSION = YES;
				CLANG_WARN_OBJC_IMPLICIT_RETAIN_SELF = YES;
				CLANG_WARN_OBJC_LITERAL_CONVERSION = YES;
				CLANG_WARN_OBJC_ROOT_CLASS = YES_ERROR;
				CLANG_WARN_RANGE_LOOP_ANALYSIS = YES;
				CLANG_WARN_STRICT_PROTOTYPES = YES;
				CLANG_WARN_SUSPICIOUS_MOVE = YES;
				CLANG_WARN_UNGUARDED_AVAILABILITY = YES_AGGRESSIVE;
				CLANG_WARN_UNREACHABLE_CODE = YES;
				CLANG_WARN__DUPLICATE_METHOD_MATCH = YES;
				CODE_SIGN_IDENTITY = "iPhone Developer";
				COPY_PHASE_STRIP = NO;
				DEBUG_INFORMATION_FORMAT = dwarf;
				ENABLE_STRICT_OBJC_MSGSEND = YES;
				ENABLE_TESTABILITY = YES;
				GCC_C_LANGUAGE_STANDARD = gnu11;
				GCC_DYNAMIC_NO_PIC = NO;
				GCC_NO_COMMON_BLOCKS = YES;
				GCC_OPTIMIZATION_LEVEL = 0;
				GCC_PREPROCESSOR_DEFINITIONS = (
					"DEBUG=1",
					"$(inherited)",
				);
				GCC_WARN_64_TO_32_BIT_CONVERSION = YES;
				GCC_WARN_ABOUT_RETURN_TYPE = YES_ERROR;
				GCC_WARN_UNDECLARED_SELECTOR = YES;
				GCC_WARN_UNINITIALIZED_AUTOS = YES_AGGRESSIVE;
				GCC_WARN_UNUSED_FUNCTION = YES;
				GCC_WARN_UNUSED_VARIABLE = YES;
				IPHONEOS_DEPLOYMENT_TARGET = 12.2;
				MTL_ENABLE_DEBUG_INFO = INCLUDE_SOURCE;
				MTL_FAST_MATH = YES;
				ONLY_ACTIVE_ARCH = YES;
				SDKROOT = iphoneos;
				SWIFT_ACTIVE_COMPILATION_CONDITIONS = DEBUG;
				SWIFT_OPTIMIZATION_LEVEL = "-Onone";
			};
			name = Debug;
		};
		9E91B5D22288789700F07088 /* Release */ = {
			isa = XCBuildConfiguration;
			buildSettings = {
				ALWAYS_SEARCH_USER_PATHS = NO;
				CLANG_ANALYZER_NONNULL = YES;
				CLANG_ANALYZER_NUMBER_OBJECT_CONVERSION = YES_AGGRESSIVE;
				CLANG_CXX_LANGUAGE_STANDARD = "gnu++14";
				CLANG_CXX_LIBRARY = "libc++";
				CLANG_ENABLE_MODULES = YES;
				CLANG_ENABLE_OBJC_ARC = YES;
				CLANG_ENABLE_OBJC_WEAK = YES;
				CLANG_WARN_BLOCK_CAPTURE_AUTORELEASING = YES;
				CLANG_WARN_BOOL_CONVERSION = YES;
				CLANG_WARN_COMMA = YES;
				CLANG_WARN_CONSTANT_CONVERSION = YES;
				CLANG_WARN_DEPRECATED_OBJC_IMPLEMENTATIONS = YES;
				CLANG_WARN_DIRECT_OBJC_ISA_USAGE = YES_ERROR;
				CLANG_WARN_DOCUMENTATION_COMMENTS = YES;
				CLANG_WARN_EMPTY_BODY = YES;
				CLANG_WARN_ENUM_CONVERSION = YES;
				CLANG_WARN_INFINITE_RECURSION = YES;
				CLANG_WARN_INT_CONVERSION = YES;
				CLANG_WARN_NON_LITERAL_NULL_CONVERSION = YES;
				CLANG_WARN_OBJC_IMPLICIT_RETAIN_SELF = YES;
				CLANG_WARN_OBJC_LITERAL_CONVERSION = YES;
				CLANG_WARN_OBJC_ROOT_CLASS = YES_ERROR;
				CLANG_WARN_RANGE_LOOP_ANALYSIS = YES;
				CLANG_WARN_STRICT_PROTOTYPES = YES;
				CLANG_WARN_SUSPICIOUS_MOVE = YES;
				CLANG_WARN_UNGUARDED_AVAILABILITY = YES_AGGRESSIVE;
				CLANG_WARN_UNREACHABLE_CODE = YES;
				CLANG_WARN__DUPLICATE_METHOD_MATCH = YES;
				CODE_SIGN_IDENTITY = "iPhone Developer";
				COPY_PHASE_STRIP = NO;
				DEBUG_INFORMATION_FORMAT = "dwarf-with-dsym";
				ENABLE_NS_ASSERTIONS = NO;
				ENABLE_STRICT_OBJC_MSGSEND = YES;
				GCC_C_LANGUAGE_STANDARD = gnu11;
				GCC_NO_COMMON_BLOCKS = YES;
				GCC_WARN_64_TO_32_BIT_CONVERSION = YES;
				GCC_WARN_ABOUT_RETURN_TYPE = YES_ERROR;
				GCC_WARN_UNDECLARED_SELECTOR = YES;
				GCC_WARN_UNINITIALIZED_AUTOS = YES_AGGRESSIVE;
				GCC_WARN_UNUSED_FUNCTION = YES;
				GCC_WARN_UNUSED_VARIABLE = YES;
				IPHONEOS_DEPLOYMENT_TARGET = 12.2;
				MTL_ENABLE_DEBUG_INFO = NO;
				MTL_FAST_MATH = YES;
				SDKROOT = iphoneos;
				SWIFT_COMPILATION_MODE = wholemodule;
				SWIFT_OPTIMIZATION_LEVEL = "-O";
				VALIDATE_PRODUCT = YES;
			};
			name = Release;
		};
		9E91B5D42288789700F07088 /* Debug */ = {
			isa = XCBuildConfiguration;
			baseConfigurationReference = 66C4A2AD8A25051157E0253A /* Pods-Cine SKY.debug.xcconfig */;
			buildSettings = {
				ASSETCATALOG_COMPILER_APPICON_NAME = AppIcon;
				CODE_SIGN_STYLE = Automatic;
				DEVELOPMENT_TEAM = RDTR6557FX;
				INFOPLIST_FILE = "Cine SKY/Info.plist";
				IPHONEOS_DEPLOYMENT_TARGET = 10.2;
				LD_RUNPATH_SEARCH_PATHS = (
					"$(inherited)",
					"@executable_path/Frameworks",
				);
				PRODUCT_BUNDLE_IDENTIFIER = "com.brunolopes.Cine-SKY";
				PRODUCT_NAME = "$(TARGET_NAME)";
				SWIFT_VERSION = 5.0;
				TARGETED_DEVICE_FAMILY = 1;
			};
			name = Debug;
		};
		9E91B5D52288789700F07088 /* Release */ = {
			isa = XCBuildConfiguration;
			baseConfigurationReference = 1CE145EDFA0B42083E108D78 /* Pods-Cine SKY.release.xcconfig */;
			buildSettings = {
				ASSETCATALOG_COMPILER_APPICON_NAME = AppIcon;
				CODE_SIGN_STYLE = Automatic;
				DEVELOPMENT_TEAM = RDTR6557FX;
				INFOPLIST_FILE = "Cine SKY/Info.plist";
				IPHONEOS_DEPLOYMENT_TARGET = 10.2;
				LD_RUNPATH_SEARCH_PATHS = (
					"$(inherited)",
					"@executable_path/Frameworks",
				);
				PRODUCT_BUNDLE_IDENTIFIER = "com.brunolopes.Cine-SKY";
				PRODUCT_NAME = "$(TARGET_NAME)";
				SWIFT_VERSION = 5.0;
				TARGETED_DEVICE_FAMILY = 1;
			};
			name = Release;
		};
		9E91B5D72288789700F07088 /* Debug */ = {
			isa = XCBuildConfiguration;
			baseConfigurationReference = ED59061453CD67DB1FC87453 /* Pods-Cine SKYTests.debug.xcconfig */;
			buildSettings = {
				ALWAYS_EMBED_SWIFT_STANDARD_LIBRARIES = YES;
				BUNDLE_LOADER = "$(TEST_HOST)";
				CODE_SIGN_STYLE = Automatic;
				DEVELOPMENT_TEAM = RDTR6557FX;
				INFOPLIST_FILE = "Cine SKYTests/Info.plist";
				LD_RUNPATH_SEARCH_PATHS = (
					"$(inherited)",
					"@executable_path/Frameworks",
					"@loader_path/Frameworks",
				);
				PRODUCT_BUNDLE_IDENTIFIER = "com.brunolopes.Cine-SKYTests";
				PRODUCT_NAME = "$(TARGET_NAME)";
				SWIFT_VERSION = 5.0;
				TARGETED_DEVICE_FAMILY = "1,2";
				TEST_HOST = "$(BUILT_PRODUCTS_DIR)/Cine SKY.app/Cine SKY";
			};
			name = Debug;
		};
		9E91B5D82288789700F07088 /* Release */ = {
			isa = XCBuildConfiguration;
			baseConfigurationReference = 0690DA98E552024074F0DB2F /* Pods-Cine SKYTests.release.xcconfig */;
			buildSettings = {
				ALWAYS_EMBED_SWIFT_STANDARD_LIBRARIES = YES;
				BUNDLE_LOADER = "$(TEST_HOST)";
				CODE_SIGN_STYLE = Automatic;
				DEVELOPMENT_TEAM = RDTR6557FX;
				INFOPLIST_FILE = "Cine SKYTests/Info.plist";
				LD_RUNPATH_SEARCH_PATHS = (
					"$(inherited)",
					"@executable_path/Frameworks",
					"@loader_path/Frameworks",
				);
				PRODUCT_BUNDLE_IDENTIFIER = "com.brunolopes.Cine-SKYTests";
				PRODUCT_NAME = "$(TARGET_NAME)";
				SWIFT_VERSION = 5.0;
				TARGETED_DEVICE_FAMILY = "1,2";
				TEST_HOST = "$(BUILT_PRODUCTS_DIR)/Cine SKY.app/Cine SKY";
			};
			name = Release;
		};
/* End XCBuildConfiguration section */

/* Begin XCConfigurationList section */
		9E91B5B12288789500F07088 /* Build configuration list for PBXProject "Cine SKY" */ = {
			isa = XCConfigurationList;
			buildConfigurations = (
				9E91B5D12288789700F07088 /* Debug */,
				9E91B5D22288789700F07088 /* Release */,
			);
			defaultConfigurationIsVisible = 0;
			defaultConfigurationName = Release;
		};
		9E91B5D32288789700F07088 /* Build configuration list for PBXNativeTarget "Cine SKY" */ = {
			isa = XCConfigurationList;
			buildConfigurations = (
				9E91B5D42288789700F07088 /* Debug */,
				9E91B5D52288789700F07088 /* Release */,
			);
			defaultConfigurationIsVisible = 0;
			defaultConfigurationName = Release;
		};
		9E91B5D62288789700F07088 /* Build configuration list for PBXNativeTarget "Cine SKYTests" */ = {
			isa = XCConfigurationList;
			buildConfigurations = (
				9E91B5D72288789700F07088 /* Debug */,
				9E91B5D82288789700F07088 /* Release */,
			);
			defaultConfigurationIsVisible = 0;
			defaultConfigurationName = Release;
		};
/* End XCConfigurationList section */
	};
	rootObject = 9E91B5AE2288789500F07088 /* Project object */;
}
